
Microsoft Visual Studio Solution File, Format Version 12.00
# Visual Studio Version 17
VisualStudioVersion = 17.12.35527.113
MinimumVisualStudioVersion = 10.0.40219.1
Project("{FAE04EC0-301F-11D3-BF4B-00C04F79EFBC}") = "PasteleriaApi", "PasteleriaApi\PasteleriaApi.csproj", "{5D5FD553-C528-4F38-885D-B18F354F1E00}"
EndProject
Project("{FAE04EC0-301F-11D3-BF4B-00C04F79EFBC}") = "Portal", "Portal\Portal.csproj", "{745973C8-7E0B-43D2-A6AF-99D7A26C5863}"
EndProject
Project("{FAE04EC0-301F-11D3-BF4B-00C04F79EFBC}") = "HornoAPI", "HornoAPI\HornoAPI.csproj", "{B8BE26E1-8572-4C1D-8A22-D999B14D70FE}"
EndProject
Project("{FAE04EC0-301F-11D3-BF4B-00C04F79EFBC}") = "Entities", "Entities\Entities.csproj", "{AE01C61D-2C81-4016-B53A-BED9913281FD}"
EndProject
Project("{FAE04EC0-301F-11D3-BF4B-00C04F79EFBC}") = "Repositories", "Repositories\Repositories.csproj", "{3E2976C5-4D55-490A-8CC9-980EF633F10F}"
EndProject
Project("{FAE04EC0-301F-11D3-BF4B-00C04F79EFBC}") = "Services", "Services\Services.csproj", "{61870509-8B24-4652-8005-C66FA4022364}"
EndProject
Project("{FAE04EC0-301F-11D3-BF4B-00C04F79EFBC}") = "Interfaces", "Interfaces\Interfaces.csproj", "{D74142EE-4AED-45D6-BBD4-D302D5ECD2E1}"
EndProject
Project("{2150E333-8FDC-42A3-9474-1A3956D46DE8}") = "Pipelines", "Pipelines", "{283DA82B-F241-4484-AF86-11C4BF281799}"
	ProjectSection(SolutionItems) = preProject
		Build.yml = Build.yml
		BuildAndPushImages.yml = BuildAndPushImages.yml
		BuildByTag.yml = BuildByTag.yml
	EndProjectSection
EndProject
Project("{2150E333-8FDC-42A3-9474-1A3956D46DE8}") = "ContainerInstance", "ContainerInstance", "{4743DD29-A8C6-4A67-B002-CB028648C090}"
	ProjectSection(SolutionItems) = preProject
		container-group.yaml = container-group.yaml
	EndProjectSection
EndProject
Project("{2150E333-8FDC-42A3-9474-1A3956D46DE8}") = "Aks", "Aks", "{88E5B451-AE0A-4C1C-97EB-EAC33F6B9A71}"
	ProjectSection(SolutionItems) = preProject
		aks-deployment.yaml = aks-deployment.yaml
	EndProjectSection
EndProject
Global
	GlobalSection(SolutionConfigurationPlatforms) = preSolution
		Debug|Any CPU = Debug|Any CPU
		Release|Any CPU = Release|Any CPU
	EndGlobalSection
	GlobalSection(ProjectConfigurationPlatforms) = postSolution
		{5D5FD553-C528-4F38-885D-B18F354F1E00}.Debug|Any CPU.ActiveCfg = Debug|Any CPU
		{5D5FD553-C528-4F38-885D-B18F354F1E00}.Debug|Any CPU.Build.0 = Debug|Any CPU
		{5D5FD553-C528-4F38-885D-B18F354F1E00}.Release|Any CPU.ActiveCfg = Release|Any CPU
		{5D5FD553-C528-4F38-885D-B18F354F1E00}.Release|Any CPU.Build.0 = Release|Any CPU
		{745973C8-7E0B-43D2-A6AF-99D7A26C5863}.Debug|Any CPU.ActiveCfg = Debug|Any CPU
		{745973C8-7E0B-43D2-A6AF-99D7A26C5863}.Debug|Any CPU.Build.0 = Debug|Any CPU
		{745973C8-7E0B-43D2-A6AF-99D7A26C5863}.Release|Any CPU.ActiveCfg = Release|Any CPU
		{745973C8-7E0B-43D2-A6AF-99D7A26C5863}.Release|Any CPU.Build.0 = Release|Any CPU
		{B8BE26E1-8572-4C1D-8A22-D999B14D70FE}.Debug|Any CPU.ActiveCfg = Debug|Any CPU
		{B8BE26E1-8572-4C1D-8A22-D999B14D70FE}.Debug|Any CPU.Build.0 = Debug|Any CPU
		{B8BE26E1-8572-4C1D-8A22-D999B14D70FE}.Release|Any CPU.ActiveCfg = Release|Any CPU
		{B8BE26E1-8572-4C1D-8A22-D999B14D70FE}.Release|Any CPU.Build.0 = Release|Any CPU
		{AE01C61D-2C81-4016-B53A-BED9913281FD}.Debug|Any CPU.ActiveCfg = Debug|Any CPU
		{AE01C61D-2C81-4016-B53A-BED9913281FD}.Debug|Any CPU.Build.0 = Debug|Any CPU
		{AE01C61D-2C81-4016-B53A-BED9913281FD}.Release|Any CPU.ActiveCfg = Release|Any CPU
		{AE01C61D-2C81-4016-B53A-BED9913281FD}.Release|Any CPU.Build.0 = Release|Any CPU
		{3E2976C5-4D55-490A-8CC9-980EF633F10F}.Debug|Any CPU.ActiveCfg = Debug|Any CPU
		{3E2976C5-4D55-490A-8CC9-980EF633F10F}.Debug|Any CPU.Build.0 = Debug|Any CPU
		{3E2976C5-4D55-490A-8CC9-980EF633F10F}.Release|Any CPU.ActiveCfg = Release|Any CPU
		{3E2976C5-4D55-490A-8CC9-980EF633F10F}.Release|Any CPU.Build.0 = Release|Any CPU
		{61870509-8B24-4652-8005-C66FA4022364}.Debug|Any CPU.ActiveCfg = Debug|Any CPU
		{61870509-8B24-4652-8005-C66FA4022364}.Debug|Any CPU.Build.0 = Debug|Any CPU
		{61870509-8B24-4652-8005-C66FA4022364}.Release|Any CPU.ActiveCfg = Release|Any CPU
		{61870509-8B24-4652-8005-C66FA4022364}.Release|Any CPU.Build.0 = Release|Any CPU
		{D74142EE-4AED-45D6-BBD4-D302D5ECD2E1}.Debug|Any CPU.ActiveCfg = Debug|Any CPU
		{D74142EE-4AED-45D6-BBD4-D302D5ECD2E1}.Debug|Any CPU.Build.0 = Debug|Any CPU
		{D74142EE-4AED-45D6-BBD4-D302D5ECD2E1}.Release|Any CPU.ActiveCfg = Release|Any CPU
		{D74142EE-4AED-45D6-BBD4-D302D5ECD2E1}.Release|Any CPU.Build.0 = Release|Any CPU
	EndGlobalSection
	GlobalSection(SolutionProperties) = preSolution
		HideSolutionNode = FALSE
	EndGlobalSection
EndGlobal
